
Microsoft Visual Studio Solution File, Format Version 12.00
# Visual Studio Version 17
VisualStudioVersion = 17.11.35312.102
MinimumVisualStudioVersion = 10.0.40219.1
Project("{9A19103F-16F7-4668-BE54-9A1E7A4F7556}") = "Labs AED", "Labs AED.csproj", "{F64D9C9E-08E1-4314-8E7F-E722D0A6D430}"
EndProject
Project("{9A19103F-16F7-4668-BE54-9A1E7A4F7556}") = "Monografia", "Monografia\Monografia.csproj", "{078CEEF7-3D7D-43E7-B60B-8332E5882795}"
EndProject
Project("{FAE04EC0-301F-11D3-BF4B-00C04F79EFBC}") = "CapaDatos", "..\CapaDatos\CapaDatos.csproj", "{A276213D-CA94-46EC-9955-06B15B060ECE}"
EndProject
Project("{FAE04EC0-301F-11D3-BF4B-00C04F79EFBC}") = "CapaNegocios", "..\CapaNegocios\CapaNegocios.csproj", "{757DE7CC-5897-41F9-B1F6-4DE8E2AFE3F0}"
EndProject
Global
	GlobalSection(SolutionConfigurationPlatforms) = preSolution
		Debug|Any CPU = Debug|Any CPU
		Release|Any CPU = Release|Any CPU
	EndGlobalSection
	GlobalSection(ProjectConfigurationPlatforms) = postSolution
		{F64D9C9E-08E1-4314-8E7F-E722D0A6D430}.Debug|Any CPU.ActiveCfg = Debug|Any CPU
		{F64D9C9E-08E1-4314-8E7F-E722D0A6D430}.Debug|Any CPU.Build.0 = Debug|Any CPU
		{F64D9C9E-08E1-4314-8E7F-E722D0A6D430}.Release|Any CPU.ActiveCfg = Release|Any CPU
		{F64D9C9E-08E1-4314-8E7F-E722D0A6D430}.Release|Any CPU.Build.0 = Release|Any CPU
		{078CEEF7-3D7D-43E7-B60B-8332E5882795}.Debug|Any CPU.ActiveCfg = Debug|Any CPU
		{078CEEF7-3D7D-43E7-B60B-8332E5882795}.Debug|Any CPU.Build.0 = Debug|Any CPU
		{078CEEF7-3D7D-43E7-B60B-8332E5882795}.Release|Any CPU.ActiveCfg = Release|Any CPU
		{078CEEF7-3D7D-43E7-B60B-8332E5882795}.Release|Any CPU.Build.0 = Release|Any CPU
		{A276213D-CA94-46EC-9955-06B15B060ECE}.Debug|Any CPU.ActiveCfg = Debug|Any CPU
		{A276213D-CA94-46EC-9955-06B15B060ECE}.Debug|Any CPU.Build.0 = Debug|Any CPU
		{A276213D-CA94-46EC-9955-06B15B060ECE}.Release|Any CPU.ActiveCfg = Release|Any CPU
		{A276213D-CA94-46EC-9955-06B15B060ECE}.Release|Any CPU.Build.0 = Release|Any CPU
		{757DE7CC-5897-41F9-B1F6-4DE8E2AFE3F0}.Debug|Any CPU.ActiveCfg = Debug|Any CPU
		{757DE7CC-5897-41F9-B1F6-4DE8E2AFE3F0}.Debug|Any CPU.Build.0 = Debug|Any CPU
		{757DE7CC-5897-41F9-B1F6-4DE8E2AFE3F0}.Release|Any CPU.ActiveCfg = Release|Any CPU
		{757DE7CC-5897-41F9-B1F6-4DE8E2AFE3F0}.Release|Any CPU.Build.0 = Release|Any CPU
	EndGlobalSection
	GlobalSection(SolutionProperties) = preSolution
		HideSolutionNode = FALSE
	EndGlobalSection
	GlobalSection(ExtensibilityGlobals) = postSolution
		SolutionGuid = {4B90FEEE-D4ED-40B7-827B-74B94CE298AA}
	EndGlobalSection
EndGlobal
